# This file is automatically @generated by Cargo.
# It is not intended for manual editing.
version = 4

[[package]]
name = "arrayvec"
version = "0.7.8"
source = "registry+https://github.com/rust-lang/crates.io-index"
checksum = "d3fb67a6e08acf24fdeccbac2cb6ac4305825bd1f117462e0e6f2f193345ad56"

[[package]]
name = "bitflags"
version = "1.3.2"
source = "registry+https://github.com/rust-lang/crates.io-index"
checksum = "bef38d45163c2f1dde094a7dfd33ccf595c92905c8f8f4fdc18d06fb1037718a"

[[package]]
name = "bitflags"
version = "2.13.2"
source = "registry+https://github.com/rust-lang/crates.io-index"
checksum = "3ded4057c258ba199e2d26386d3af3780957ecaee6c4ef4041c6b4b8b97c0b06"

[[package]]
name = "blake3"
version = "1.8.7"
source = "registry+https://github.com/rust-lang/crates.io-index"
checksum = "6d9e454fc11f76977dc803893aff6304ed33d6a26efae8696573bea74baa27ae"
dependencies = [
 "arrayvec",
 "cc",
 "cfg-if",
 "constant_time_eq",
 "cpufeatures 0.3.1",
]

[[package]]
name = "block-buffer"
version = "0.10.4"
source = "registry+https://github.com/rust-lang/crates.io-index"
checksum = "3078c7629b62d3f0439517fa394996acacc5cbc91c5a20d8c658e77abd503a71"
dependencies = [
 "generic-array",
]

[[package]]
name = "byteorder"
version = "1.5.0"
source = "registry+https://github.com/rust-lang/crates.io-index"
checksum = "1fd0f2584146f6f2ef48085050886acf353beff7305ebd1ae69500e27c67f64b"

[[package]]
name = "cc"
version = "1.4.7"
source = "registry+https://github.com/rust-lang/crates.io-index"
checksum = "54413ede23c2daf518f35156dfde027feb2374004d63bd497f983c8db9c0e313"
dependencies = [
 "find-msvc-tools",
 "shlex",
]

[[package]]
name = "cfg-if"
version = "1.0.4"
source = "registry+https://github.com/rust-lang/crates.io-index"
checksum = "9330f8b2ff13f34540b44e946ef35111825727b38d33286ef986142615121801"

[[package]]
name = "constant_time_eq"
version = "0.4.2"
source = "registry+https://github.com/rust-lang/crates.io-index"
checksum = "3d52eff69cd5e647efe296129160853a42795992097e8af39800e1060caeea9b"

[[package]]
name = "cpufeatures"
version = "0.2.17"
source = "registry+https://github.com/rust-lang/crates.io-index"
checksum = "59ed5838eebb26a2bb2e58f6d5b5316989ae9d08bab10e0e6d103e656d1b0280"
dependencies = [
 "libc",
]

[[package]]
name = "cpufeatures"
version = "0.3.1"
source = "registry+https://github.com/rust-lang/crates.io-index"
checksum = "5ca28b0ae3115b884660db4118d803791fd6756b6e88f39c0f3f7859060d7566"
dependencies = [
 "libc",
]

[[package]]
name = "crypto-common"
version = "0.1.7"
source = "registry+https://github.com/rust-lang/crates.io-index"
checksum = "78c8292055d1c1df0cce5d180393dc8cce0abec0a7102adb6c7b1eef6016d60a"
dependencies = [
 "generic-array",
 "typenum",
]

[[package]]
name = "defmt"
version = "0.3.100"
source = "registry+https://github.com/rust-lang/crates.io-index"
checksum = "f0963443817029b2024136fc4dd07a5107eb8f977eaf18fcd1fdeb11306b64ad"
dependencies = [
 "defmt 1.1.1",
]

[[package]]
name = "defmt"
version = "1.1.1"
source = "registry+https://github.com/rust-lang/crates.io-index"
checksum = "e2953bfe4f93bbd20cc71198842756f77d161884c99ebbabc41d80231ded88d1"
dependencies = [
 "bitflags 1.3.2",
 "defmt-macros",
]

[[package]]
name = "defmt-macros"
version = "1.1.1"
source = "registry+https://github.com/rust-lang/crates.io-index"
checksum = "bad9c72e7ca2137e0dc3813245a0d282fd6daad32fd800af018306a9169b5fe8"
dependencies = [
 "defmt-parser",
 "proc-macro2",
 "quote",
 "syn 2.0.119",
]

[[package]]
name = "defmt-parser"
version = "1.0.0"
source = "registry+https://github.com/rust-lang/crates.io-index"
checksum = "10d60334b3b2e7c9d91ef8150abfb6fa4c1c39ebbcf4a81c2e346aad939fee3e"
dependencies = [
 "thiserror",
]

[[package]]
name = "digest"
version = "0.10.7"
source = "registry+https://github.com/rust-lang/crates.io-index"
checksum = "9ed9a281f7bc9b7576e61468ba615a66a5c8cfdff42420a70aa82701a3b1e292"
dependencies = [
 "block-buffer",
 "crypto-common",
]

[[package]]
name = "fallible-iterator"
version = "0.3.0"
source = "registry+https://github.com/rust-lang/crates.io-index"
checksum = "2acce4a10f12dc2fb14a218589d4f1f62ef011b2d0cc4b3cb1bba8e94da14649"

[[package]]
name = "find-msvc-tools"
version = "0.1.13"
source = "registry+https://github.com/rust-lang/crates.io-index"
checksum = "ef25905e51abafe4dcea6c15fec58c57b601cdbd0ee53d22ea1d3016c587d39b"

[[package]]
name = "generic-array"
version = "0.14.7"
source = "registry+https://github.com/rust-lang/crates.io-index"
checksum = "85649ca51fd72272d7821adaf274ad91c288277713d9c18820d8499a7ff69e9a"
dependencies = [
 "typenum",
 "version_check",
]

[[package]]
name = "getrandom"
version = "0.3.4"
source = "registry+https://github.com/rust-lang/crates.io-index"
checksum = "899def5c37c4fd7b2664648c28120ecec138e4d395b459e5ca34f9cce2dd77fd"
dependencies = [
 "cfg-if",
 "libc",
 "r-efi",
 "wasip2",
]

[[package]]
name = "gimli"
version = "0.32.3"
source = "registry+https://github.com/rust-lang/crates.io-index"
checksum = "e629b9b98ef3dd8afe6ca2bd0f89306cec16d43d907889945bc5d6687f2f13c7"
dependencies = [
 "fallible-iterator",
 "stable_deref_trait",
]

[[package]]
name = "hash32"
version = "0.3.1"
source = "registry+https://github.com/rust-lang/crates.io-index"
checksum = "47d60b12902ba28e2730cd37e95b8c9223af2808df9e902d4df49588d1470606"
dependencies = [
 "byteorder",
]

[[package]]
name = "heapless"
version = "0.8.0"
source = "registry+https://github.com/rust-lang/crates.io-index"
checksum = "0bfb9eb618601c89945a70e254898da93b13be0388091d42117462b265bb3fad"
dependencies = [
 "hash32",
 "stable_deref_trait",
]

[[package]]
name = "iced-x86"
version = "1.21.0"
source = "registry+https://github.com/rust-lang/crates.io-index"
checksum = "7c447cff8c7f384a7d4f741cfcff32f75f3ad02b406432e8d6c878d56b1edf6b"
dependencies = [
 "lazy_static",
]

[[package]]
name = "itoa"
version = "1.0.18"
source = "registry+https://github.com/rust-lang/crates.io-index"
checksum = "8f42a60cbdf9a97f5d2305f08a87dc4e09308d1276d28c869c684d7777685682"

[[package]]
name = "kinakaze-abi"
version = "0.1.0"

[[package]]
name = "kinakaze-alloc"
version = "0.1.0"
dependencies = [
 "windows-sys",
]

[[package]]
name = "kinakaze-elf"
version = "0.1.0"

[[package]]
name = "kinakaze-guest-engine"
version = "0.1.0"
dependencies = [
 "blake3",
 "gimli",
 "iced-x86",
 "kinakaze-alloc",
 "kinakaze-elf",
 "kinakaze-kernel",
 "kinakaze-link",
 "kinakaze-tls",
 "kinakaze-v2-libc",
 "kinakaze-vfs",
 "windows-sys",
]

[[package]]
name = "kinakaze-kernel"
version = "0.1.0"
dependencies = [
 "kinakaze-abi",
 "kinakaze-alloc",
 "windows-sys",
]

[[package]]
name = "kinakaze-link"
version = "0.1.0"
dependencies = [
 "gimli",
 "kinakaze-alloc",
 "kinakaze-elf",
 "kinakaze-kernel",
 "kinakaze-tls",
 "kinakaze-vfs",
 "windows-sys",
]

[[package]]
name = "kinakaze-tls"
version = "0.1.0"
dependencies = [
 "kinakaze-alloc",
 "kinakaze-kernel",
 "windows-sys",
]

[[package]]
name = "kinakaze-v2-abi"
version = "0.1.0"

[[package]]
name = "kinakaze-v2-bridge"
version = "0.1.0"
dependencies = [
 "kinakaze-v2-host-win",
]

[[package]]
name = "kinakaze-v2-host-win"
version = "0.1.0"
dependencies = [
 "windows-sys",
]

[[package]]
name = "kinakaze-v2-init"
version = "0.1.0"
dependencies = [
 "kinakaze-v2-host-win",
 "kinakaze-v2-manager",
 "kinakaze-v2-protocol",
 "serde",
 "serde_json",
]

[[package]]
name = "kinakaze-v2-libasound"
version = "0.1.0"
dependencies = [
 "kinakaze-alloc",
 "kinakaze-tls",
 "kinakaze-v2-libc",
 "kinakaze-vfs",
 "windows-sys",
]

[[package]]
name = "kinakaze-v2-libc"
version = "0.1.0"
dependencies = [
 "kinakaze-abi",
 "kinakaze-alloc",
 "kinakaze-elf",
 "kinakaze-kernel",
 "kinakaze-tls",
 "kinakaze-v2-libm",
 "kinakaze-v2-libpthread",
 "kinakaze-vfs",
 "rustc_apfloat",
 "windows-sys",
]

[[package]]
name = "kinakaze-v2-libcuda"
version = "0.1.0"
dependencies = [
 "kinakaze-kernel",
 "kinakaze-tls",
 "kinakaze-vfs",
 "windows-sys",
]

[[package]]
name = "kinakaze-v2-libdisplay"
version = "0.1.0"
dependencies = [
 "kinakaze-kernel",
]

[[package]]
name = "kinakaze-v2-libdl"
version = "0.1.0"

[[package]]
name = "kinakaze-v2-libegl"
version = "0.1.0"

[[package]]
name = "kinakaze-v2-libgl"
version = "0.1.0"
dependencies = [
 "kinakaze-alloc",
 "kinakaze-v2-libdisplay",
 "kinakaze-v2-libx11",
 "windows-sys",
]

[[package]]
name = "kinakaze-v2-libglesv2"
version = "0.1.0"

[[package]]
name = "kinakaze-v2-libglx"
version = "0.1.0"

[[package]]
name = "kinakaze-v2-libm"
version = "0.1.0"
dependencies = [
 "kinakaze-tls",
 "libm",
]

[[package]]
name = "kinakaze-v2-libopengl"
version = "0.1.0"

[[package]]
name = "kinakaze-v2-libpipewire"
version = "0.1.0"
dependencies = [
 "kinakaze-tls",
 "kinakaze-v2-libc",
 "kinakaze-vfs",
 "windows",
 "windows-sys",
]

[[package]]
name = "kinakaze-v2-libpthread"
version = "0.1.0"
dependencies = [
 "kinakaze-kernel",
 "kinakaze-tls",
 "kinakaze-vfs",
 "windows-sys",
]

[[package]]
name = "kinakaze-v2-libpulse"
version = "0.1.0"
dependencies = [
 "kinakaze-alloc",
 "kinakaze-kernel",
 "kinakaze-tls",
 "kinakaze-v2-libc",
 "windows-sys",
]

[[package]]
name = "kinakaze-v2-libresolv"
version = "0.1.0"
dependencies = [
 "kinakaze-v2-libc",
]

[[package]]
name = "kinakaze-v2-librt"
version = "0.1.0"
dependencies = [
 "kinakaze-kernel",
 "kinakaze-v2-libc",
 "kinakaze-v2-libpthread",
 "kinakaze-vfs",
 "windows-sys",
]

[[package]]
name = "kinakaze-v2-libvulkan"
version = "0.1.0"
dependencies = [
 "iced-x86",
 "kinakaze-tls",
 "kinakaze-v2-libdisplay",
 "kinakaze-v2-libxcb",
 "windows-sys",
]

[[package]]
name = "kinakaze-v2-libx11"
version = "0.1.0"
dependencies = [
 "kinakaze-alloc",
 "kinakaze-kernel",
 "kinakaze-v2-libc",
 "kinakaze-v2-libdisplay",
 "windows-sys",
]

[[package]]
name = "kinakaze-v2-libx11-xcb"
version = "0.1.0"

[[package]]
name = "kinakaze-v2-libxcb"
version = "0.1.0"
dependencies = [
 "kinakaze-alloc",
 "kinakaze-kernel",
 "kinakaze-v2-libc",
 "kinakaze-v2-libdisplay",
 "kinakaze-v2-libx11",
 "windows-sys",
]

[[package]]
name = "kinakaze-v2-libxcursor"
version = "0.1.0"

[[package]]
name = "kinakaze-v2-libxext"
version = "0.1.0"
dependencies = [
 "kinakaze-alloc",
 "kinakaze-kernel",
 "kinakaze-v2-libc",
 "kinakaze-v2-libx11",
 "windows-sys",
]

[[package]]
name = "kinakaze-v2-libxi"
version = "0.1.0"
dependencies = [
 "kinakaze-alloc",
 "kinakaze-kernel",
 "kinakaze-v2-libdisplay",
 "kinakaze-v2-libx11",
]

[[package]]
name = "kinakaze-v2-libxinerama"
version = "0.1.0"

[[package]]
name = "kinakaze-v2-libxrandr"
version = "0.1.0"
dependencies = [
 "kinakaze-alloc",
 "kinakaze-v2-libx11",
 "windows-sys",
]

[[package]]
name = "kinakaze-v2-libxrender"
version = "0.1.0"

[[package]]
name = "kinakaze-v2-libxxf86vm"
version = "0.1.0"

[[package]]
name = "kinakaze-v2-loader"
version = "0.1.0"
dependencies = [
 "kinakaze-kernel",
 "kinakaze-link",
 "kinakaze-v2-abi",
 "kinakaze-v2-bridge",
 "kinakaze-v2-host-win",
]

[[package]]
name = "kinakaze-v2-manager"
version = "0.1.0"
dependencies = [
 "getrandom",
 "kinakaze-v2-protocol",
 "serde",
]

[[package]]
name = "kinakaze-v2-packager"
version = "0.1.0"
dependencies = [
 "kinakaze-v2-bridge",
]

[[package]]
name = "kinakaze-v2-protocol"
version = "0.1.0"
dependencies = [
 "serde",
 "serde_json",
]

[[package]]
name = "kinakaze-v2-runtime"
version = "0.1.0"
dependencies = [
 "kinakaze-guest-engine",
 "kinakaze-kernel",
 "kinakaze-v2-abi",
 "kinakaze-v2-host-win",
 "kinakaze-v2-loader",
 "kinakaze-v2-protocol",
 "serde",
 "serde_json",
]

[[package]]
name = "kinakaze-v2-worker"
version = "0.1.0"
dependencies = [
 "kinakaze-v2-abi",
 "kinakaze-v2-bridge",
 "kinakaze-v2-host-win",
 "kinakaze-v2-protocol",
 "serde_json",
]

[[package]]
name = "kinakaze-vfs"
version = "0.1.0"
dependencies = [
 "kinakaze-kernel",
 "kinakaze-tls",
 "sha2",
 "smallvec",
 "smoltcp",
 "windows-sys",
]

[[package]]
name = "lazy_static"
version = "1.5.0"
source = "registry+https://github.com/rust-lang/crates.io-index"
checksum = "bbd2bcb4c963f2ddae06a2efc7e9f3591312473c50c6685e1f298068316e66fe"

[[package]]
name = "libc"
version = "0.2.189"
source = "registry+https://github.com/rust-lang/crates.io-index"
checksum = "3eaf3ede3fee6db1a4c2ee091bf8a8b4dccdc6d17f656fb07896ee72867612f2"

[[package]]
name = "libm"
version = "0.2.16"
source = "registry+https://github.com/rust-lang/crates.io-index"
checksum = "b6d2cec3eae94f9f509c767b45932f1ada8350c4bdb85af2fcab4a3c14807981"

[[package]]
name = "managed"
version = "0.8.0"
source = "registry+https://github.com/rust-lang/crates.io-index"
checksum = "0ca88d725a0a943b096803bd34e73a4437208b6077654cc4ecb2947a5f91618d"

[[package]]
name = "memchr"
version = "2.8.3"
source = "registry+https://github.com/rust-lang/crates.io-index"
checksum = "cf8baf1c55e62ffcace7a9f06f4bd9cd3f0c4beb022d3b367256b91b87513d98"

[[package]]
name = "proc-macro2"
version = "1.0.107"
source = "registry+https://github.com/rust-lang/crates.io-index"
checksum = "985e7ec9bb745e6ce6535b544d84d6cd6f7ad8bd711c398938ae983b91a766d9"
dependencies = [
 "unicode-ident",
]

[[package]]
name = "quote"
version = "1.0.47"
source = "registry+https://github.com/rust-lang/crates.io-index"
checksum = "1fbf4db142a473a8d80c26bbf18454ed458bf8d26c8219c331daecfdbd079001"
dependencies = [
 "proc-macro2",
]

[[package]]
name = "r-efi"
version = "5.3.0"
source = "registry+https://github.com/rust-lang/crates.io-index"
checksum = "69cdb34c158ceb288df11e18b4bd39de994f6657d83847bdffdbd7f346754b0f"

[[package]]
name = "rustc_apfloat"
version = "0.2.3+llvm-462a31f5a5ab"
source = "registry+https://github.com/rust-lang/crates.io-index"
checksum = "486c2179b4796f65bfe2ee33679acf0927ac83ecf583ad6c91c3b4570911b9ad"
dependencies = [
 "bitflags 2.13.2",
 "smallvec",
]

[[package]]
name = "serde"
version = "1.0.229"
source = "registry+https://github.com/rust-lang/crates.io-index"
checksum = "4148590afebada386688f18773da617792bf2ef03ffc1e4cbd2b1d45b023e0ba"
dependencies = [
 "serde_core",
 "serde_derive",
]

[[package]]
name = "serde_core"
version = "1.0.229"
source = "registry+https://github.com/rust-lang/crates.io-index"
checksum = "67dca2c9c51e58a4791a4b1ed58308b39c64224d349a935ab5039aa360942a48"
dependencies = [
 "serde_derive",
]

[[package]]
name = "serde_derive"
version = "1.0.229"
source = "registry+https://github.com/rust-lang/crates.io-index"
checksum = "e7a5d71263a5a7d47b41f6b3f06ba276f10cc18b0931f1799f710578e2309348"
dependencies = [
 "proc-macro2",
 "quote",
 "syn 3.0.5",
]

[[package]]
name = "serde_json"
version = "1.0.151"
source = "registry+https://github.com/rust-lang/crates.io-index"
checksum = "c841b55ecdae098c80dcae9cf767f6f8a0c2cdb3416bbef72181df4d0fe73f14"
dependencies = [
 "itoa",
 "memchr",
 "serde",
 "serde_core",
 "zmij",
]

[[package]]
name = "sha2"
version = "0.10.9"
source = "registry+https://github.com/rust-lang/crates.io-index"
checksum = "a7507d819769d01a365ab707794a4084392c824f54a7a6a7862f8c3d0892b283"
dependencies = [
 "cfg-if",
 "cpufeatures 0.2.17",
 "digest",
]

[[package]]
name = "shlex"
version = "2.0.1"
source = "registry+https://github.com/rust-lang/crates.io-index"
checksum = "f8fadd59c855ef2080decdef8ff161eb6661b86933c9d82e5ba29dc602a55aba"

[[package]]
name = "smallvec"
version = "1.16.1"
source = "registry+https://github.com/rust-lang/crates.io-index"
checksum = "ba467056f1b547ed52077911161fc86985becbc60e8e1857c8a144dab0def891"

[[package]]
name = "smoltcp"
version = "0.12.0"
source = "registry+https://github.com/rust-lang/crates.io-index"
checksum = "dad095989c1533c1c266d9b1e8d70a1329dd3723c3edac6d03bbd67e7bf6f4bb"
dependencies = [
 "bitflags 1.3.2",
 "byteorder",
 "cfg-if",
 "defmt 0.3.100",
 "heapless",
 "managed",
]

[[package]]
name = "stable_deref_trait"
version = "1.2.1"
source = "registry+https://github.com/rust-lang/crates.io-index"
checksum = "6ce2be8dc25455e1f91df71bfa12ad37d7af1092ae736f3a6cd0e37bc7810596"

[[package]]
name = "syn"
version = "2.0.119"
source = "registry+https://github.com/rust-lang/crates.io-index"
checksum = "872831b642d1a07999a962a351ed35b955ea2cfc8f3862091e2a240a84f17297"
dependencies = [
 "proc-macro2",
 "quote",
 "unicode-ident",
]

[[package]]
name = "syn"
version = "3.0.5"
source = "registry+https://github.com/rust-lang/crates.io-index"
checksum = "12df2e0110f65b775f769bb17ef989067a1d931b2eb822bd4346631eeada89f9"
dependencies = [
 "proc-macro2",
 "quote",
 "unicode-ident",
]

[[package]]
name = "thiserror"
version = "2.0.20"
source = "registry+https://github.com/rust-lang/crates.io-index"
checksum = "ec86235f5fcc2a73650310756d2ac5b138a5780bbbdfae3eeccec992c435ba4f"
dependencies = [
 "thiserror-impl",
]

[[package]]
name = "thiserror-impl"
version = "2.0.20"
source = "registry+https://github.com/rust-lang/crates.io-index"
checksum = "bc04cd3e1236dd4a98afca4569f2deb3f120e5422a4023be2cb683f8486292af"
dependencies = [
 "proc-macro2",
 "quote",
 "syn 3.0.5",
]

[[package]]
name = "typenum"
version = "1.20.1"
source = "registry+https://github.com/rust-lang/crates.io-index"
checksum = "b6f5e870be6c3b371b77fe0ee0bafb859fa4964b4404c27de1d380043c4dda20"

[[package]]
name = "unicode-ident"
version = "1.0.24"
source = "registry+https://github.com/rust-lang/crates.io-index"
checksum = "e6e4313cd5fcd3dad5cafa179702e2b244f760991f45397d14d4ebf38247da75"

[[package]]
name = "version_check"
version = "0.9.5"
source = "registry+https://github.com/rust-lang/crates.io-index"
checksum = "0b928f33d975fc6ad9f86c8f283853ad26bdd5b10b7f1542aa2fa15e2289105a"

[[package]]
name = "wasip2"
version = "1.0.4+wasi-0.2.12"
source = "registry+https://github.com/rust-lang/crates.io-index"
checksum = "b67efb37e106e55ce722a510d6b5f9c17f083e5fc79afc2badeb12cc313d9487"
dependencies = [
 "wit-bindgen",
]

[[package]]
name = "windows"
version = "0.61.3"
source = "registry+https://github.com/rust-lang/crates.io-index"
checksum = "9babd3a767a4c1aef6900409f85f5d53ce2544ccdfaa86dad48c91782c6d6893"
dependencies = [
 "windows-collections",
 "windows-core",
 "windows-future",
 "windows-link 0.1.3",
 "windows-numerics",
]

[[package]]
name = "windows-collections"
version = "0.2.0"
source = "registry+https://github.com/rust-lang/crates.io-index"
checksum = "3beeceb5e5cfd9eb1d76b381630e82c4241ccd0d27f1a39ed41b2760b255c5e8"
dependencies = [
 "windows-core",
]

[[package]]
name = "windows-core"
version = "0.61.2"
source = "registry+https://github.com/rust-lang/crates.io-index"
checksum = "c0fdd3ddb90610c7638aa2b3a3ab2904fb9e5cdbecc643ddb3647212781c4ae3"
dependencies = [
 "windows-implement",
 "windows-interface",
 "windows-link 0.1.3",
 "windows-result",
 "windows-strings",
]

[[package]]
name = "windows-future"
version = "0.2.1"
source = "registry+https://github.com/rust-lang/crates.io-index"
checksum = "fc6a41e98427b19fe4b73c550f060b59fa592d7d686537eebf9385621bfbad8e"
dependencies = [
 "windows-core",
 "windows-link 0.1.3",
 "windows-threading",
]

[[package]]
name = "windows-implement"
version = "0.60.2"
source = "registry+https://github.com/rust-lang/crates.io-index"
checksum = "053e2e040ab57b9dc951b72c264860db7eb3b0200ba345b4e4c3b14f67855ddf"
dependencies = [
 "proc-macro2",
 "quote",
 "syn 2.0.119",
]

[[package]]
name = "windows-interface"
version = "0.59.3"
source = "registry+https://github.com/rust-lang/crates.io-index"
checksum = "3f316c4a2570ba26bbec722032c4099d8c8bc095efccdc15688708623367e358"
dependencies = [
 "proc-macro2",
 "quote",
 "syn 2.0.119",
]

[[package]]
name = "windows-link"
version = "0.1.3"
source = "registry+https://github.com/rust-lang/crates.io-index"
checksum = "5e6ad25900d524eaabdbbb96d20b4311e1e7ae1699af4fb28c17ae66c80d798a"

[[package]]
name = "windows-link"
version = "0.2.1"
source = "registry+https://github.com/rust-lang/crates.io-index"
checksum = "f0805222e57f7521d6a62e36fa9163bc891acd422f971defe97d64e70d0a4fe5"

[[package]]
name = "windows-numerics"
version = "0.2.0"
source = "registry+https://github.com/rust-lang/crates.io-index"
checksum = "9150af68066c4c5c07ddc0ce30421554771e528bde427614c61038bc2c92c2b1"
dependencies = [
 "windows-core",
 "windows-link 0.1.3",
]

[[package]]
name = "windows-result"
version = "0.3.4"
source = "registry+https://github.com/rust-lang/crates.io-index"
checksum = "56f42bd332cc6c8eac5af113fc0c1fd6a8fd2aa08a0119358686e5160d0586c6"
dependencies = [
 "windows-link 0.1.3",
]

[[package]]
name = "windows-strings"
version = "0.4.2"
source = "registry+https://github.com/rust-lang/crates.io-index"
checksum = "56e6c93f3a0c3b36176cb1327a4958a0353d5d166c2a35cb268ace15e91d3b57"
dependencies = [
 "windows-link 0.1.3",
]

[[package]]
name = "windows-sys"
version = "0.61.2"
source = "registry+https://github.com/rust-lang/crates.io-index"
checksum = "ae137229bcbd6cdf0f7b80a31df61766145077ddf49416a728b02cb3921ff3fc"
dependencies = [
 "windows-link 0.2.1",
]

[[package]]
name = "windows-threading"
version = "0.1.0"
source = "registry+https://github.com/rust-lang/crates.io-index"
checksum = "b66463ad2e0ea3bbf808b7f1d371311c80e115c0b71d60efc142cafbcfb057a6"
dependencies = [
 "windows-link 0.1.3",
]

[[package]]
name = "wit-bindgen"
version = "0.57.1"
source = "registry+https://github.com/rust-lang/crates.io-index"
checksum = "1ebf944e87a7c253233ad6766e082e3cd714b5d03812acc24c318f549614536e"

[[package]]
name = "zmij"
version = "1.0.23"
source = "registry+https://github.com/rust-lang/crates.io-index"
checksum = "29666d0abbfad1e3dc4dcf6144730dd3a3ab225bbbdac83319345b1b44ccfc1b"
